hash: 0773cc34373f23559478332ca2ee80a0fe0938ce8c13625255385c9bced9e683
updated: 2017-03-11T18:12:28.160784212+02:00
imports:
- name: github.com/docopt/docopt-go
  version: 784ddc588536785e7299f7272f39101f7faccc3f
- name: github.com/gopherjs/gopherjs
  version: 5c8f21741620ef6a52e185bbc920499581901c9e
  subpackages:
  - js
- name: github.com/gopherjs/jsbuiltin
  version: 4533885422f0cef392d8cd2e9aba8e7ae183a502
- name: github.com/gorilla/context
  version: 08b5f424b9271eedf6f9f0ce86cb9396ed337a42
- name: github.com/gorilla/feeds
  version: 441264de03a8117ed530ae8e049d8f601a33a099
- name: github.com/gorilla/mux
  version: 757bef944d0f21880861c2dd9c871ca543023cba
- name: github.com/gorilla/pat
  version: cf955c3d1f2c27ee96f93e9738085c762ff5f49d
- name: github.com/gorilla/securecookie
  version: fa5329f913702981df43dcb2a380bac429c810b5
- name: github.com/gorilla/sessions
  version: 52389059572b4736b2b7d899b0242ecc449c8779
- name: github.com/jinzhu/gorm
  version: 5409931a1bb87e484d68d649af9367c207713ea2
- name: github.com/jinzhu/inflection
  version: 74387dc39a75e970e7a3ae6a3386b5bd2e5c5cff
- name: github.com/lib/pq
  version: 4a82388ebc5138c8289fe9bc602cb0b3e32cd617
  subpackages:
  - oid
- name: github.com/mattn/go-sqlite3
  version: ce9149a3c941c30de51a01dbc5bc414ddaa52927
- name: github.com/microcosm-cc/bluemonday
  version: e79763773ab6222ca1d5a7cbd9d62d83c1f77081
- name: github.com/nicksnyder/go-i18n
  version: 64786dc4f56b1cceffc2ce90a7f512d9ab70bba2
  subpackages:
  - i18n
  - i18n/bundle
  - i18n/language
  - i18n/translation
- name: github.com/rtfb/bark
  version: 07d6537e2e59f361d8bd2289666df08d35642be5
- name: github.com/rtfb/cachedir
  version: 7a0b1f3dd8f607ed0b1ed4a79615e73c650c8d78
- name: github.com/rtfb/go-mail
  version: c5b133ca19bacebd3ae742ad98c28e7ec5135aef
- name: github.com/rtfb/gopass
  version: 88d06c8eecdb5a498ee6165b19d4bc8e394ba273
- name: github.com/rtfb/httpbuf
  version: 5709e9bb814c932e48b6737e1cf214a6522453a2
- name: github.com/rtfb/httputil
  version: 9649b2ef663485e5063fc834cb69d26fc5b4196a
- name: github.com/russross/blackfriday
  version: 5f33e7b7878355cd2b7e6b8eefc48a5472c69f70
- name: github.com/shurcooL/sanitized_anchor_name
  version: 1dba4b3954bc059efc3991ec364f9f9a35f597d2
- name: golang.org/x/crypto
  version: 854ae91cdcbf914b499b1d7641d07859f3653481
  subpackages:
  - bcrypt
  - blowfish
  - ssh/terminal
- name: golang.org/x/net
  version: f2499483f923065a842d38eb4c7f1927e6fc6e6d
  subpackages:
  - context
  - html
  - html/atom
- name: golang.org/x/sys
  version: d75a52659825e75fff6158388dddc6a5b04f9ba5
  subpackages:
  - unix
- name: gopkg.in/yaml.v2
  version: 4c78c975fe7c825c6d1466c42be594d1d6f3aba6
- name: honnef.co/go/js/dom
  version: 2a9f3d0e9ccd947bf7a2117580517b9662eab924
testImports:
- name: github.com/davecgh/go-spew
  version: 04cdfd42973bb9c8589fd6a731800cf222fde1a9
  subpackages:
  - spew
- name: github.com/pmezard/go-difflib
  version: d8ed2627bdf02c080bf22230dbb337003b7aba2d
  subpackages:
  - difflib
- name: github.com/rtfb/go-html-transform
  version: 3f75658770a7b3bad1228aa054f4f5bd473f1b18
  subpackages:
  - css/selector
  - h5
- name: github.com/rtfb/htmltest
  version: 1beff41c127a1c1ca3c54a9bc4b4713cc4f641b2
- name: github.com/stretchr/testify
  version: 2402e8e7a02fc811447d11f881aa9746cdc57983
  subpackages:
  - assert
  - require
